{
  "name": "fplacido.github.io",
  "lockfileVersion": 3,
  "requires": true,
  "packages": {
    "": {
      "dependencies": {
        "@segment/analytics-signals": "^2.2.0"
      }
    },
    "node_modules/@segment/analytics-generic-utils": {
      "version": "1.2.0",
      "resolved": "https://registry.npmjs.org/@segment/analytics-generic-utils/-/analytics-generic-utils-1.2.0.tgz",
      "integrity": "sha512-DfnW6mW3YQOLlDQQdR89k4EqfHb0g/3XvBXkovH1FstUN93eL1kfW9CsDcVQyH3bAC5ZsFyjA/o/1Q2j0QeoWw==",
      "license": "MIT",
      "dependencies": {
        "tslib": "^2.4.1"
      }
    },
    "node_modules/@segment/analytics-signals": {
      "version": "2.2.0",
      "resolved": "https://registry.npmjs.org/@segment/analytics-signals/-/analytics-signals-2.2.0.tgz",
      "integrity": "sha512-2XiAuY/0gUlt3mRm+45XpoLiJwVzFHHByrowtBD72dpu14IdQqGq8Hv0tLCx/LCcQOm1o9J2U2Z3zN4dufiZSg==",
      "license": "Twilio Software Development Kit License Agreement 2.0",
      "dependencies": {
        "@segment/analytics-generic-utils": "1.2.0",
        "@segment/analytics-signals-runtime": "2.0.0",
        "@segment/signals-types": "2.1.0",
        "idb": "^8.0.0",
        "tslib": "^2.4.1"
      },
      "peerDependencies": {
        "@segment/analytics-next": ">=1.78.0"
      },
      "peerDependenciesMeta": {
        "@segment/analytics-next": {
          "optional": true
        }
      }
    },
    "node_modules/@segment/analytics-signals-runtime": {
      "version": "2.0.0",
      "resolved": "https://registry.npmjs.org/@segment/analytics-signals-runtime/-/analytics-signals-runtime-2.0.0.tgz",
      "integrity": "sha512-7GcJCogNLTMJr4EGMAi1VeihKZCHBpTlZ7meo1vD5xgpdLqj5ZOCbTPxj6rz/JftYS2Tgl72FqMtHcwB8TJ7xg==",
      "license": "Twilio Software Development Kit License Agreement 2.0",
      "dependencies": {
        "tslib": "^2.4.1"
      }
    },
    "node_modules/@segment/signals-types": {
      "version": "2.1.0",
      "resolved": "https://registry.npmjs.org/@segment/signals-types/-/signals-types-2.1.0.tgz",
      "integrity": "sha512-anioCSi+g0RvLZodLnmoi5OhWHaWfjIxCzRCyKdw9BUARuXnF6ljUDeIF3eAL1gT85ywoSD8SV0ev3eugZutCg==",
      "license": "Twilio Software Development Kit License Agreement 2.0"
    },
    "node_modules/idb": {
      "version": "8.0.3",
      "resolved": "https://registry.npmjs.org/idb/-/idb-8.0.3.tgz",
      "integrity": "sha512-LtwtVyVYO5BqRvcsKuB2iUMnHwPVByPCXFXOpuU96IZPPoPN6xjOGxZQ74pgSVVLQWtUOYgyeL4GE98BY5D3wg==",
      "license": "ISC"
    },
    "node_modules/tslib": {
      "version": "2.8.1",
      "resolved": "https://registry.npmjs.org/tslib/-/tslib-2.8.1.tgz",
      "integrity": "sha512-oJFu94HQb+KVduSUQL7wnpmqnfmLsOA/nAh6b6EH0wCEoK0/mPeXU6c3wKDV83MkOuHPRHtSXKKU99IBazS/2w==",
      "license": "0BSD"
    }
  }
}
