# THIS IS AN AUTOGENERATED FILE. DO NOT EDIT THIS FILE DIRECTLY.
# yarn lockfile v1


"@segment/analytics-generic-utils@1.2.0":
  version "1.2.0"
  resolved "https://registry.yarnpkg.com/@segment/analytics-generic-utils/-/analytics-generic-utils-1.2.0.tgz#9232162d6dbcd18501813fdff18035ce48fd24bf"
  integrity sha512-DfnW6mW3YQOLlDQQdR89k4EqfHb0g/3XvBXkovH1FstUN93eL1kfW9CsDcVQyH3bAC5ZsFyjA/o/1Q2j0QeoWw==
  dependencies:
    tslib "^2.4.1"

"@segment/analytics-signals-runtime@2.0.0":
  version "2.0.0"
  resolved "https://registry.yarnpkg.com/@segment/analytics-signals-runtime/-/analytics-signals-runtime-2.0.0.tgz#d9a976bd3174513aa163f7fdcdb7c1185142c8d1"
  integrity sha512-7GcJCogNLTMJr4EGMAi1VeihKZCHBpTlZ7meo1vD5xgpdLqj5ZOCbTPxj6rz/JftYS2Tgl72FqMtHcwB8TJ7xg==
  dependencies:
    tslib "^2.4.1"

"@segment/analytics-signals@^2.2.0":
  version "2.2.0"
  resolved "https://registry.yarnpkg.com/@segment/analytics-signals/-/analytics-signals-2.2.0.tgz#31a2a10f57117e0732643243dd7774c5450c5d13"
  integrity sha512-2XiAuY/0gUlt3mRm+45XpoLiJwVzFHHByrowtBD72dpu14IdQqGq8Hv0tLCx/LCcQOm1o9J2U2Z3zN4dufiZSg==
  dependencies:
    "@segment/analytics-generic-utils" "1.2.0"
    "@segment/analytics-signals-runtime" "2.0.0"
    "@segment/signals-types" "2.1.0"
    idb "^8.0.0"
    tslib "^2.4.1"

"@segment/signals-types@2.1.0":
  version "2.1.0"
  resolved "https://registry.yarnpkg.com/@segment/signals-types/-/signals-types-2.1.0.tgz#20c6be24b5dcb642c910abb551f05954f3142d98"
  integrity sha512-anioCSi+g0RvLZodLnmoi5OhWHaWfjIxCzRCyKdw9BUARuXnF6ljUDeIF3eAL1gT85ywoSD8SV0ev3eugZutCg==

idb@^8.0.0:
  version "8.0.3"
  resolved "https://registry.yarnpkg.com/idb/-/idb-8.0.3.tgz#c91e558f15a8d53f1d7f53a094d226fc3ad71fd9"
  integrity sha512-LtwtVyVYO5BqRvcsKuB2iUMnHwPVByPCXFXOpuU96IZPPoPN6xjOGxZQ74pgSVVLQWtUOYgyeL4GE98BY5D3wg==

tslib@^2.4.1:
  version "2.8.1"
  resolved "https://registry.yarnpkg.com/tslib/-/tslib-2.8.1.tgz#612efe4ed235d567e8aba5f2a5fab70280ade83f"
  integrity sha512-oJFu94HQb+KVduSUQL7wnpmqnfmLsOA/nAh6b6EH0wCEoK0/mPeXU6c3wKDV83MkOuHPRHtSXKKU99IBazS/2w==
